github.com/OpenNSW/core/shared v0.3.0 h1:HcWcXyMdwzMfsVvo1HG2OTBYaQTRipTpLI0AFx/5Wgs=
github.com/OpenNSW/core/shared v0.3.0/go.mod h1:Lgh13h6agGl6WFR9i1W0iaUUky7wC0uLJrVc+FRRtMU=
github.com/golang-jwt/jwt/v5 v5.3.1 h1:kYf81DTWFe7t+1VvL7eS+jKFVWaUnK9cB1qbwn63YCY=
github.com/golang-jwt/jwt/v5 v5.3.1/go.mod h1:fxCRLWMO43lRc8nhHWY6LGqRcf+1gQWArsqaEUEa5bE=
